
Microsoft Visual Studio Solution File, Format Version 12.00
# Visual Studio Version 16
VisualStudioVersion = 16.0.30128.36
MinimumVisualStudioVersion = 10.0.40219.1
Project("{8BC9CEB8-8B4A-11D0-8D11-00A0C91BC942}") = "ProcEnum", "ProcEnum\ProcEnum.vcxproj", "{45F000FA-F826-4538-BEEE-974007F01EC7}"
EndProject
Project("{2150E333-8FDC-42A3-9474-1A3956D46DE8}") = "Module2", "Module2", "{50D236B4-196F-4070-983D-4C2D33E90295}"
EndProject
Project("{2150E333-8FDC-42A3-9474-1A3956D46DE8}") = "Module3", "Module3", "{19AE7413-56BE-43AC-BF84-06ED12D61DDF}"
EndProject
Project("{8BC9CEB8-8B4A-11D0-8D11-00A0C91BC942}") = "RemoteThread", "RemoteThread\RemoteThread.vcxproj", "{49EF4DA1-EE5E-4A3D-9507-2F31025E21E6}"
EndProject
Project("{8BC9CEB8-8B4A-11D0-8D11-00A0C91BC942}") = "Injected", "Injected\Injected.vcxproj", "{F24E18BC-EEBE-4C8A-8B88-A975E122AE9C}"
EndProject
Project("{8BC9CEB8-8B4A-11D0-8D11-00A0C91BC942}") = "APCInject", "APCInject\APCInject.vcxproj", "{E37695D3-4402-420F-9584-E8B7D2068A8F}"
EndProject
Project("{8BC9CEB8-8B4A-11D0-8D11-00A0C91BC942}") = "ThreadHijack", "ThreadHijack\ThreadHijack.vcxproj", "{0AF97540-CF4A-4571-9CA8-73899AD82AE1}"
EndProject
Project("{8BC9CEB8-8B4A-11D0-8D11-00A0C91BC942}") = "WindowsHooks", "WindowsHooks\WindowsHooks.vcxproj", "{59D9BA22-B4D3-4F52-9847-F69DC346FA27}"
EndProject
Project("{8BC9CEB8-8B4A-11D0-8D11-00A0C91BC942}") = "InjectedHook", "InjectedHook\InjectedHook.vcxproj", "{5A91D9ED-8AC9-4456-B172-7CD4E5B03442}"
EndProject
Project("{8BC9CEB8-8B4A-11D0-8D11-00A0C91BC942}") = "Hollow", "Hollow\Hollow.vcxproj", "{8335B662-A5D3-4D3C-9CBE-807C21DA10DB}"
EndProject
Project("{8BC9CEB8-8B4A-11D0-8D11-00A0C91BC942}") = "Simple", "Simple\Simple.vcxproj", "{47DF2293-D917-4D4E-B894-C4C601B474E5}"
EndProject
Project("{8BC9CEB8-8B4A-11D0-8D11-00A0C91BC942}") = "DLL Hollowing", "DLL Hollowing\DLL Hollowing.vcxproj", "{1798A8AD-0F9B-4185-9A7A-F6161543DA47}"
EndProject
Global
	GlobalSection(SolutionConfigurationPlatforms) = preSolution
		Debug|x64 = Debug|x64
		Debug|x86 = Debug|x86
		Release|x64 = Release|x64
		Release|x86 = Release|x86
	EndGlobalSection
	GlobalSection(ProjectConfigurationPlatforms) = postSolution
		{45F000FA-F826-4538-BEEE-974007F01EC7}.Debug|x64.ActiveCfg = Debug|x64
		{45F000FA-F826-4538-BEEE-974007F01EC7}.Debug|x64.Build.0 = Debug|x64
		{45F000FA-F826-4538-BEEE-974007F01EC7}.Debug|x86.ActiveCfg = Debug|Win32
		{45F000FA-F826-4538-BEEE-974007F01EC7}.Debug|x86.Build.0 = Debug|Win32
		{45F000FA-F826-4538-BEEE-974007F01EC7}.Release|x64.ActiveCfg = Release|x64
		{45F000FA-F826-4538-BEEE-974007F01EC7}.Release|x64.Build.0 = Release|x64
		{45F000FA-F826-4538-BEEE-974007F01EC7}.Release|x86.ActiveCfg = Release|Win32
		{45F000FA-F826-4538-BEEE-974007F01EC7}.Release|x86.Build.0 = Release|Win32
		{49EF4DA1-EE5E-4A3D-9507-2F31025E21E6}.Debug|x64.ActiveCfg = Debug|x64
		{49EF4DA1-EE5E-4A3D-9507-2F31025E21E6}.Debug|x64.Build.0 = Debug|x64
		{49EF4DA1-EE5E-4A3D-9507-2F31025E21E6}.Debug|x86.ActiveCfg = Debug|Win32
		{49EF4DA1-EE5E-4A3D-9507-2F31025E21E6}.Debug|x86.Build.0 = Debug|Win32
		{49EF4DA1-EE5E-4A3D-9507-2F31025E21E6}.Release|x64.ActiveCfg = Release|x64
		{49EF4DA1-EE5E-4A3D-9507-2F31025E21E6}.Release|x64.Build.0 = Release|x64
		{49EF4DA1-EE5E-4A3D-9507-2F31025E21E6}.Release|x86.ActiveCfg = Release|Win32
		{49EF4DA1-EE5E-4A3D-9507-2F31025E21E6}.Release|x86.Build.0 = Release|Win32
		{F24E18BC-EEBE-4C8A-8B88-A975E122AE9C}.Debug|x64.ActiveCfg = Debug|x64
		{F24E18BC-EEBE-4C8A-8B88-A975E122AE9C}.Debug|x64.Build.0 = Debug|x64
		{F24E18BC-EEBE-4C8A-8B88-A975E122AE9C}.Debug|x86.ActiveCfg = Debug|Win32
		{F24E18BC-EEBE-4C8A-8B88-A975E122AE9C}.Debug|x86.Build.0 = Debug|Win32
		{F24E18BC-EEBE-4C8A-8B88-A975E122AE9C}.Release|x64.ActiveCfg = Release|x64
		{F24E18BC-EEBE-4C8A-8B88-A975E122AE9C}.Release|x64.Build.0 = Release|x64
		{F24E18BC-EEBE-4C8A-8B88-A975E122AE9C}.Release|x86.ActiveCfg = Release|Win32
		{F24E18BC-EEBE-4C8A-8B88-A975E122AE9C}.Release|x86.Build.0 = Release|Win32
		{E37695D3-4402-420F-9584-E8B7D2068A8F}.Debug|x64.ActiveCfg = Debug|x64
		{E37695D3-4402-420F-9584-E8B7D2068A8F}.Debug|x64.Build.0 = Debug|x64
		{E37695D3-4402-420F-9584-E8B7D2068A8F}.Debug|x86.ActiveCfg = Debug|Win32
		{E37695D3-4402-420F-9584-E8B7D2068A8F}.Debug|x86.Build.0 = Debug|Win32
		{E37695D3-4402-420F-9584-E8B7D2068A8F}.Release|x64.ActiveCfg = Release|x64
		{E37695D3-4402-420F-9584-E8B7D2068A8F}.Release|x64.Build.0 = Release|x64
		{E37695D3-4402-420F-9584-E8B7D2068A8F}.Release|x86.ActiveCfg = Release|Win32
		{E37695D3-4402-420F-9584-E8B7D2068A8F}.Release|x86.Build.0 = Release|Win32
		{0AF97540-CF4A-4571-9CA8-73899AD82AE1}.Debug|x64.ActiveCfg = Debug|x64
		{0AF97540-CF4A-4571-9CA8-73899AD82AE1}.Debug|x64.Build.0 = Debug|x64
		{0AF97540-CF4A-4571-9CA8-73899AD82AE1}.Debug|x86.ActiveCfg = Debug|Win32
		{0AF97540-CF4A-4571-9CA8-73899AD82AE1}.Debug|x86.Build.0 = Debug|Win32
		{0AF97540-CF4A-4571-9CA8-73899AD82AE1}.Release|x64.ActiveCfg = Release|x64
		{0AF97540-CF4A-4571-9CA8-73899AD82AE1}.Release|x64.Build.0 = Release|x64
		{0AF97540-CF4A-4571-9CA8-73899AD82AE1}.Release|x86.ActiveCfg = Release|Win32
		{0AF97540-CF4A-4571-9CA8-73899AD82AE1}.Release|x86.Build.0 = Release|Win32
		{59D9BA22-B4D3-4F52-9847-F69DC346FA27}.Debug|x64.ActiveCfg = Debug|x64
		{59D9BA22-B4D3-4F52-9847-F69DC346FA27}.Debug|x64.Build.0 = Debug|x64
		{59D9BA22-B4D3-4F52-9847-F69DC346FA27}.Debug|x86.ActiveCfg = Debug|Win32
		{59D9BA22-B4D3-4F52-9847-F69DC346FA27}.Debug|x86.Build.0 = Debug|Win32
		{59D9BA22-B4D3-4F52-9847-F69DC346FA27}.Release|x64.ActiveCfg = Release|x64
		{59D9BA22-B4D3-4F52-9847-F69DC346FA27}.Release|x64.Build.0 = Release|x64
		{59D9BA22-B4D3-4F52-9847-F69DC346FA27}.Release|x86.ActiveCfg = Release|Win32
		{59D9BA22-B4D3-4F52-9847-F69DC346FA27}.Release|x86.Build.0 = Release|Win32
		{5A91D9ED-8AC9-4456-B172-7CD4E5B03442}.Debug|x64.ActiveCfg = Debug|x64
		{5A91D9ED-8AC9-4456-B172-7CD4E5B03442}.Debug|x64.Build.0 = Debug|x64
		{5A91D9ED-8AC9-4456-B172-7CD4E5B03442}.Debug|x86.ActiveCfg = Debug|Win32
		{5A91D9ED-8AC9-4456-B172-7CD4E5B03442}.Debug|x86.Build.0 = Debug|Win32
		{5A91D9ED-8AC9-4456-B172-7CD4E5B03442}.Release|x64.ActiveCfg = Release|x64
		{5A91D9ED-8AC9-4456-B172-7CD4E5B03442}.Release|x64.Build.0 = Release|x64
		{5A91D9ED-8AC9-4456-B172-7CD4E5B03442}.Release|x86.ActiveCfg = Release|Win32
		{5A91D9ED-8AC9-4456-B172-7CD4E5B03442}.Release|x86.Build.0 = Release|Win32
		{8335B662-A5D3-4D3C-9CBE-807C21DA10DB}.Debug|x64.ActiveCfg = Debug|x64
		{8335B662-A5D3-4D3C-9CBE-807C21DA10DB}.Debug|x64.Build.0 = Debug|x64
		{8335B662-A5D3-4D3C-9CBE-807C21DA10DB}.Debug|x86.ActiveCfg = Debug|Win32
		{8335B662-A5D3-4D3C-9CBE-807C21DA10DB}.Debug|x86.Build.0 = Debug|Win32
		{8335B662-A5D3-4D3C-9CBE-807C21DA10DB}.Release|x64.ActiveCfg = Release|x64
		{8335B662-A5D3-4D3C-9CBE-807C21DA10DB}.Release|x64.Build.0 = Release|x64
		{8335B662-A5D3-4D3C-9CBE-807C21DA10DB}.Release|x86.ActiveCfg = Release|Win32
		{8335B662-A5D3-4D3C-9CBE-807C21DA10DB}.Release|x86.Build.0 = Release|Win32
		{47DF2293-D917-4D4E-B894-C4C601B474E5}.Debug|x64.ActiveCfg = Release|x64
		{47DF2293-D917-4D4E-B894-C4C601B474E5}.Debug|x64.Build.0 = Release|x64
		{47DF2293-D917-4D4E-B894-C4C601B474E5}.Debug|x86.ActiveCfg = Debug|Win32
		{47DF2293-D917-4D4E-B894-C4C601B474E5}.Debug|x86.Build.0 = Debug|Win32
		{47DF2293-D917-4D4E-B894-C4C601B474E5}.Release|x64.ActiveCfg = Release|x64
		{47DF2293-D917-4D4E-B894-C4C601B474E5}.Release|x64.Build.0 = Release|x64
		{47DF2293-D917-4D4E-B894-C4C601B474E5}.Release|x86.ActiveCfg = Release|Win32
		{47DF2293-D917-4D4E-B894-C4C601B474E5}.Release|x86.Build.0 = Release|Win32
		{1798A8AD-0F9B-4185-9A7A-F6161543DA47}.Debug|x64.ActiveCfg = Debug|x64
		{1798A8AD-0F9B-4185-9A7A-F6161543DA47}.Debug|x64.Build.0 = Debug|x64
		{1798A8AD-0F9B-4185-9A7A-F6161543DA47}.Debug|x86.ActiveCfg = Debug|Win32
		{1798A8AD-0F9B-4185-9A7A-F6161543DA47}.Debug|x86.Build.0 = Debug|Win32
		{1798A8AD-0F9B-4185-9A7A-F6161543DA47}.Release|x64.ActiveCfg = Release|x64
		{1798A8AD-0F9B-4185-9A7A-F6161543DA47}.Release|x64.Build.0 = Release|x64
		{1798A8AD-0F9B-4185-9A7A-F6161543DA47}.Release|x86.ActiveCfg = Release|Win32
		{1798A8AD-0F9B-4185-9A7A-F6161543DA47}.Release|x86.Build.0 = Release|Win32
	EndGlobalSection
	GlobalSection(SolutionProperties) = preSolution
		HideSolutionNode = FALSE
	EndGlobalSection
	GlobalSection(NestedProjects) = preSolution
		{45F000FA-F826-4538-BEEE-974007F01EC7} = {50D236B4-196F-4070-983D-4C2D33E90295}
		{49EF4DA1-EE5E-4A3D-9507-2F31025E21E6} = {19AE7413-56BE-43AC-BF84-06ED12D61DDF}
		{F24E18BC-EEBE-4C8A-8B88-A975E122AE9C} = {19AE7413-56BE-43AC-BF84-06ED12D61DDF}
		{E37695D3-4402-420F-9584-E8B7D2068A8F} = {19AE7413-56BE-43AC-BF84-06ED12D61DDF}
		{0AF97540-CF4A-4571-9CA8-73899AD82AE1} = {19AE7413-56BE-43AC-BF84-06ED12D61DDF}
		{59D9BA22-B4D3-4F52-9847-F69DC346FA27} = {19AE7413-56BE-43AC-BF84-06ED12D61DDF}
		{5A91D9ED-8AC9-4456-B172-7CD4E5B03442} = {19AE7413-56BE-43AC-BF84-06ED12D61DDF}
		{8335B662-A5D3-4D3C-9CBE-807C21DA10DB} = {19AE7413-56BE-43AC-BF84-06ED12D61DDF}
		{47DF2293-D917-4D4E-B894-C4C601B474E5} = {19AE7413-56BE-43AC-BF84-06ED12D61DDF}
		{1798A8AD-0F9B-4185-9A7A-F6161543DA47} = {19AE7413-56BE-43AC-BF84-06ED12D61DDF}
	EndGlobalSection
	GlobalSection(ExtensibilityGlobals) = postSolution
		SolutionGuid = {24BDC4C6-988A-4E98-A186-D4DF6747DAF3}
	EndGlobalSection
EndGlobal
